
Microsoft Visual Studio Solution File, Format Version 12.00
# Visual Studio 15
VisualStudioVersion = 15.0.26430.16
MinimumVisualStudioVersion = 10.0.40219.1
Project("{FAE04EC0-301F-11D3-BF4B-00C04F79EFBC}") = "CSharp_7", "CSharp_7\CSharp_7.csproj", "{B97B83FF-7DCA-4031-91CE-AD8F9AB17A6D}"
EndProject
Project("{2150E333-8FDC-42A3-9474-1A3956D46DE8}") = "Features CSharp 5", "Features CSharp 5", "{E6DCEC72-3205-48B6-9054-E957971E5241}"
EndProject
Project("{FAE04EC0-301F-11D3-BF4B-00C04F79EFBC}") = "AsyncronousReadWrite", "AsyncronousReadWrite\AsyncronousReadWrite.csproj", "{C857D512-02A0-458D-86F4-0D6C793C9D48}"
EndProject
Project("{FAE04EC0-301F-11D3-BF4B-00C04F79EFBC}") = "CallerAtributes", "CallerAtributes\CallerAtributes.csproj", "{87315C79-7945-45D2-9059-0F4740C1A7FC}"
EndProject
Project("{2150E333-8FDC-42A3-9474-1A3956D46DE8}") = "Features CSharp 6", "Features CSharp 6", "{B23CFF4A-D08E-4418-85A8-0CC8D8F41EB4}"
EndProject
Project("{FAE04EC0-301F-11D3-BF4B-00C04F79EFBC}") = "SintaxFeatures", "SintaxFeatures\SintaxFeatures.csproj", "{556855CB-C43B-4C64-BBA0-0AC2F4FF92BA}"
EndProject
Project("{2150E333-8FDC-42A3-9474-1A3956D46DE8}") = "Other Features", "Other Features", "{3D057CE6-2BAA-4E2B-B4CC-FCD4B96DDC11}"
EndProject
Project("{FAE04EC0-301F-11D3-BF4B-00C04F79EFBC}") = "ThrowExample", "ThrowExample\ThrowExample.csproj", "{78C42162-CD52-406B-8973-43EBD3267B4C}"
EndProject
Project("{2150E333-8FDC-42A3-9474-1A3956D46DE8}") = "Features CSharp 7", "Features CSharp 7", "{0FCB7655-A744-4613-8252-351904352A85}"
EndProject
Project("{FAE04EC0-301F-11D3-BF4B-00C04F79EFBC}") = "LinqDeferredAvaliation", "LinqDeferredAvaliation\LinqDeferredAvaliation.csproj", "{A5D77BCE-F5CB-49F0-8B75-E26CF0BA1A6B}"
EndProject
Global
	GlobalSection(SolutionConfigurationPlatforms) = preSolution
		Debug|Any CPU = Debug|Any CPU
		Release|Any CPU = Release|Any CPU
	EndGlobalSection
	GlobalSection(ProjectConfigurationPlatforms) = postSolution
		{B97B83FF-7DCA-4031-91CE-AD8F9AB17A6D}.Debug|Any CPU.ActiveCfg = Debug|Any CPU
		{B97B83FF-7DCA-4031-91CE-AD8F9AB17A6D}.Debug|Any CPU.Build.0 = Debug|Any CPU
		{B97B83FF-7DCA-4031-91CE-AD8F9AB17A6D}.Release|Any CPU.ActiveCfg = Release|Any CPU
		{B97B83FF-7DCA-4031-91CE-AD8F9AB17A6D}.Release|Any CPU.Build.0 = Release|Any CPU
		{C857D512-02A0-458D-86F4-0D6C793C9D48}.Debug|Any CPU.ActiveCfg = Debug|Any CPU
		{C857D512-02A0-458D-86F4-0D6C793C9D48}.Debug|Any CPU.Build.0 = Debug|Any CPU
		{C857D512-02A0-458D-86F4-0D6C793C9D48}.Release|Any CPU.ActiveCfg = Release|Any CPU
		{C857D512-02A0-458D-86F4-0D6C793C9D48}.Release|Any CPU.Build.0 = Release|Any CPU
		{87315C79-7945-45D2-9059-0F4740C1A7FC}.Debug|Any CPU.ActiveCfg = Debug|Any CPU
		{87315C79-7945-45D2-9059-0F4740C1A7FC}.Debug|Any CPU.Build.0 = Debug|Any CPU
		{87315C79-7945-45D2-9059-0F4740C1A7FC}.Release|Any CPU.ActiveCfg = Release|Any CPU
		{87315C79-7945-45D2-9059-0F4740C1A7FC}.Release|Any CPU.Build.0 = Release|Any CPU
		{556855CB-C43B-4C64-BBA0-0AC2F4FF92BA}.Debug|Any CPU.ActiveCfg = Debug|Any CPU
		{556855CB-C43B-4C64-BBA0-0AC2F4FF92BA}.Debug|Any CPU.Build.0 = Debug|Any CPU
		{556855CB-C43B-4C64-BBA0-0AC2F4FF92BA}.Release|Any CPU.ActiveCfg = Release|Any CPU
		{556855CB-C43B-4C64-BBA0-0AC2F4FF92BA}.Release|Any CPU.Build.0 = Release|Any CPU
		{78C42162-CD52-406B-8973-43EBD3267B4C}.Debug|Any CPU.ActiveCfg = Debug|Any CPU
		{78C42162-CD52-406B-8973-43EBD3267B4C}.Debug|Any CPU.Build.0 = Debug|Any CPU
		{78C42162-CD52-406B-8973-43EBD3267B4C}.Release|Any CPU.ActiveCfg = Release|Any CPU
		{78C42162-CD52-406B-8973-43EBD3267B4C}.Release|Any CPU.Build.0 = Release|Any CPU
		{A5D77BCE-F5CB-49F0-8B75-E26CF0BA1A6B}.Debug|Any CPU.ActiveCfg = Debug|Any CPU
		{A5D77BCE-F5CB-49F0-8B75-E26CF0BA1A6B}.Debug|Any CPU.Build.0 = Debug|Any CPU
		{A5D77BCE-F5CB-49F0-8B75-E26CF0BA1A6B}.Release|Any CPU.ActiveCfg = Release|Any CPU
		{A5D77BCE-F5CB-49F0-8B75-E26CF0BA1A6B}.Release|Any CPU.Build.0 = Release|Any CPU
	EndGlobalSection
	GlobalSection(SolutionProperties) = preSolution
		HideSolutionNode = FALSE
	EndGlobalSection
	GlobalSection(NestedProjects) = preSolution
		{B97B83FF-7DCA-4031-91CE-AD8F9AB17A6D} = {0FCB7655-A744-4613-8252-351904352A85}
		{C857D512-02A0-458D-86F4-0D6C793C9D48} = {E6DCEC72-3205-48B6-9054-E957971E5241}
		{87315C79-7945-45D2-9059-0F4740C1A7FC} = {E6DCEC72-3205-48B6-9054-E957971E5241}
		{556855CB-C43B-4C64-BBA0-0AC2F4FF92BA} = {B23CFF4A-D08E-4418-85A8-0CC8D8F41EB4}
		{78C42162-CD52-406B-8973-43EBD3267B4C} = {3D057CE6-2BAA-4E2B-B4CC-FCD4B96DDC11}
		{A5D77BCE-F5CB-49F0-8B75-E26CF0BA1A6B} = {3D057CE6-2BAA-4E2B-B4CC-FCD4B96DDC11}
	EndGlobalSection
EndGlobal
